<?xml version="1.0" encoding="UTF-8"?>
<Project ToolsVersion="12.0" xmlns="http://schemas.microsoft.com/developer/msbuild/2003">
  <ItemGroup>
    <ClCompile Include="F:\pcl_source_1.7.2\pcl-master\pcl-master\tracking\src\tracking.cpp">
      <Filter>Source Files</Filter>
    </ClCompile>
    <ClCompile Include="F:\pcl_source_1.7.2\pcl-master\pcl-master\tracking\src\particle_filter.cpp">
      <Filter>Source Files</Filter>
    </ClCompile>
    <ClCompile Include="F:\pcl_source_1.7.2\pcl-master\pcl-master\tracking\src\kld_adaptive_particle_filter.cpp">
      <Filter>Source Files</Filter>
    </ClCompile>
    <ClCompile Include="F:\pcl_source_1.7.2\pcl-master\pcl-master\tracking\src\coherence.cpp">
      <Filter>Source Files</Filter>
    </ClCompile>
  </ItemGroup>
  <ItemGroup>
    <ClInclude Include="F:\pcl_source_1.7.2\pcl-master\pcl-master\tracking\include\pcl\tracking\boost.h">
      <Filter>Header Files</Filter>
    </ClInclude>
    <ClInclude Include="F:\pcl_source_1.7.2\pcl-master\pcl-master\tracking\include\pcl\tracking\tracking.h">
      <Filter>Header Files</Filter>
    </ClInclude>
    <ClInclude Include="F:\pcl_source_1.7.2\pcl-master\pcl-master\tracking\include\pcl\tracking\tracker.h">
      <Filter>Header Files</Filter>
    </ClInclude>
    <ClInclude Include="F:\pcl_source_1.7.2\pcl-master\pcl-master\tracking\include\pcl\tracking\coherence.h">
      <Filter>Header Files</Filter>
    </ClInclude>
    <ClInclude Include="F:\pcl_source_1.7.2\pcl-master\pcl-master\tracking\include\pcl\tracking\nearest_pair_point_cloud_coherence.h">
      <Filter>Header Files</Filter>
    </ClInclude>
    <ClInclude Include="F:\pcl_source_1.7.2\pcl-master\pcl-master\tracking\include\pcl\tracking\approx_nearest_pair_point_cloud_coherence.h">
      <Filter>Header Files</Filter>
    </ClInclude>
    <ClInclude Include="F:\pcl_source_1.7.2\pcl-master\pcl-master\tracking\include\pcl\tracking\distance_coherence.h">
      <Filter>Header Files</Filter>
    </ClInclude>
    <ClInclude Include="F:\pcl_source_1.7.2\pcl-master\pcl-master\tracking\include\pcl\tracking\hsv_color_coherence.h">
      <Filter>Header Files</Filter>
    </ClInclude>
    <ClInclude Include="F:\pcl_source_1.7.2\pcl-master\pcl-master\tracking\include\pcl\tracking\normal_coherence.h">
      <Filter>Header Files</Filter>
    </ClInclude>
    <ClInclude Include="F:\pcl_source_1.7.2\pcl-master\pcl-master\tracking\include\pcl\tracking\particle_filter.h">
      <Filter>Header Files</Filter>
    </ClInclude>
    <ClInclude Include="F:\pcl_source_1.7.2\pcl-master\pcl-master\tracking\include\pcl\tracking\particle_filter_omp.h">
      <Filter>Header Files</Filter>
    </ClInclude>
    <ClInclude Include="F:\pcl_source_1.7.2\pcl-master\pcl-master\tracking\include\pcl\tracking\kld_adaptive_particle_filter.h">
      <Filter>Header Files</Filter>
    </ClInclude>
    <ClInclude Include="F:\pcl_source_1.7.2\pcl-master\pcl-master\tracking\include\pcl\tracking\kld_adaptive_particle_filter_omp.h">
      <Filter>Header Files</Filter>
    </ClInclude>
    <ClInclude Include="F:\pcl_source_1.7.2\pcl-master\pcl-master\tracking\include\pcl\tracking\pyramidal_klt.h">
      <Filter>Header Files</Filter>
    </ClInclude>
    <ClInclude Include="F:\pcl_source_1.7.2\pcl-master\pcl-master\tracking\include\pcl\tracking\impl\tracking.hpp">
      <Filter>Header Files</Filter>
    </ClInclude>
    <ClInclude Include="F:\pcl_source_1.7.2\pcl-master\pcl-master\tracking\include\pcl\tracking\impl\tracker.hpp">
      <Filter>Header Files</Filter>
    </ClInclude>
    <ClInclude Include="F:\pcl_source_1.7.2\pcl-master\pcl-master\tracking\include\pcl\tracking\impl\coherence.hpp">
      <Filter>Header Files</Filter>
    </ClInclude>
    <ClInclude Include="F:\pcl_source_1.7.2\pcl-master\pcl-master\tracking\include\pcl\tracking\impl\nearest_pair_point_cloud_coherence.hpp">
      <Filter>Header Files</Filter>
    </ClInclude>
    <ClInclude Include="F:\pcl_source_1.7.2\pcl-master\pcl-master\tracking\include\pcl\tracking\impl\approx_nearest_pair_point_cloud_coherence.hpp">
      <Filter>Header Files</Filter>
    </ClInclude>
    <ClInclude Include="F:\pcl_source_1.7.2\pcl-master\pcl-master\tracking\include\pcl\tracking\impl\distance_coherence.hpp">
      <Filter>Header Files</Filter>
    </ClInclude>
    <ClInclude Include="F:\pcl_source_1.7.2\pcl-master\pcl-master\tracking\include\pcl\tracking\impl\hsv_color_coherence.hpp">
      <Filter>Header Files</Filter>
    </ClInclude>
    <ClInclude Include="F:\pcl_source_1.7.2\pcl-master\pcl-master\tracking\include\pcl\tracking\impl\normal_coherence.hpp">
      <Filter>Header Files</Filter>
    </ClInclude>
    <ClInclude Include="F:\pcl_source_1.7.2\pcl-master\pcl-master\tracking\include\pcl\tracking\impl\particle_filter.hpp">
      <Filter>Header Files</Filter>
    </ClInclude>
    <ClInclude Include="F:\pcl_source_1.7.2\pcl-master\pcl-master\tracking\include\pcl\tracking\impl\particle_filter_omp.hpp">
      <Filter>Header Files</Filter>
    </ClInclude>
    <ClInclude Include="F:\pcl_source_1.7.2\pcl-master\pcl-master\tracking\include\pcl\tracking\impl\kld_adaptive_particle_filter.hpp">
      <Filter>Header Files</Filter>
    </ClInclude>
    <ClInclude Include="F:\pcl_source_1.7.2\pcl-master\pcl-master\tracking\include\pcl\tracking\impl\kld_adaptive_particle_filter_omp.hpp">
      <Filter>Header Files</Filter>
    </ClInclude>
    <ClInclude Include="F:\pcl_source_1.7.2\pcl-master\pcl-master\tracking\include\pcl\tracking\impl\pyramidal_klt.hpp">
      <Filter>Header Files</Filter>
    </ClInclude>
  </ItemGroup>
  <ItemGroup>
    <CustomBuild Include="F:\pcl_source_1.7.2\pcl-master\pcl-master\tracking\CMakeLists.txt" />
  </ItemGroup>
  <ItemGroup>
    <Filter Include="Source Files">
      <UniqueIdentifier>{279E8F77-EF4A-4F58-A5D7-6CC47F49D856}</UniqueIdentifier>
    </Filter>
    <Filter Include="Header Files">
      <UniqueIdentifier>{013806A7-C7D6-4AAF-BAA9-A54CDAF5F35C}</UniqueIdentifier>
    </Filter>
  </ItemGroup>
</Project>
