<?xml version="1.0" encoding="UTF-8"?>
<Project ToolsVersion="12.0" xmlns="http://schemas.microsoft.com/developer/msbuild/2003">
  <ItemGroup>
    <CustomBuild Include="F:\pcl_source_1.7.2\build_pcl_master\CMakeFiles\d0d305925188945f19eb98fd4bfb0be0\PACKAGE_force.rule">
      <Filter>CMake Rules</Filter>
    </CustomBuild>
  </ItemGroup>
  <ItemGroup>
    <Filter Include="CMake Rules">
      <UniqueIdentifier>{FFA238F4-4407-455E-BA83-92FFFB238585}</UniqueIdentifier>
    </Filter>
  </ItemGroup>
</Project>
