<?xml version="1.0" encoding="UTF-8"?>
<Project ToolsVersion="12.0" xmlns="http://schemas.microsoft.com/developer/msbuild/2003">
  <ItemGroup>
    <ClCompile Include="F:\pcl_source_1.7.2\pcl-master\pcl-master\sample_consensus\src\sac.cpp">
      <Filter>Source Files</Filter>
    </ClCompile>
    <ClCompile Include="F:\pcl_source_1.7.2\pcl-master\pcl-master\sample_consensus\src\sac_model_circle.cpp">
      <Filter>Source Files</Filter>
    </ClCompile>
    <ClCompile Include="F:\pcl_source_1.7.2\pcl-master\pcl-master\sample_consensus\src\sac_model_circle3d.cpp">
      <Filter>Source Files</Filter>
    </ClCompile>
    <ClCompile Include="F:\pcl_source_1.7.2\pcl-master\pcl-master\sample_consensus\src\sac_model_cylinder.cpp">
      <Filter>Source Files</Filter>
    </ClCompile>
    <ClCompile Include="F:\pcl_source_1.7.2\pcl-master\pcl-master\sample_consensus\src\sac_model_cone.cpp">
      <Filter>Source Files</Filter>
    </ClCompile>
    <ClCompile Include="F:\pcl_source_1.7.2\pcl-master\pcl-master\sample_consensus\src\sac_model_line.cpp">
      <Filter>Source Files</Filter>
    </ClCompile>
    <ClCompile Include="F:\pcl_source_1.7.2\pcl-master\pcl-master\sample_consensus\src\sac_model_parallel_line.cpp">
      <Filter>Source Files</Filter>
    </ClCompile>
    <ClCompile Include="F:\pcl_source_1.7.2\pcl-master\pcl-master\sample_consensus\src\sac_model_stick.cpp">
      <Filter>Source Files</Filter>
    </ClCompile>
    <ClCompile Include="F:\pcl_source_1.7.2\pcl-master\pcl-master\sample_consensus\src\sac_model_normal_parallel_plane.cpp">
      <Filter>Source Files</Filter>
    </ClCompile>
    <ClCompile Include="F:\pcl_source_1.7.2\pcl-master\pcl-master\sample_consensus\src\sac_model_normal_plane.cpp">
      <Filter>Source Files</Filter>
    </ClCompile>
    <ClCompile Include="F:\pcl_source_1.7.2\pcl-master\pcl-master\sample_consensus\src\sac_model_normal_sphere.cpp">
      <Filter>Source Files</Filter>
    </ClCompile>
    <ClCompile Include="F:\pcl_source_1.7.2\pcl-master\pcl-master\sample_consensus\src\sac_model_plane.cpp">
      <Filter>Source Files</Filter>
    </ClCompile>
    <ClCompile Include="F:\pcl_source_1.7.2\pcl-master\pcl-master\sample_consensus\src\sac_model_registration.cpp">
      <Filter>Source Files</Filter>
    </ClCompile>
    <ClCompile Include="F:\pcl_source_1.7.2\pcl-master\pcl-master\sample_consensus\src\sac_model_sphere.cpp">
      <Filter>Source Files</Filter>
    </ClCompile>
  </ItemGroup>
  <ItemGroup>
    <ClInclude Include="F:\pcl_source_1.7.2\pcl-master\pcl-master\sample_consensus\include\pcl\sample_consensus\boost.h">
      <Filter>Header Files</Filter>
    </ClInclude>
    <ClInclude Include="F:\pcl_source_1.7.2\pcl-master\pcl-master\sample_consensus\include\pcl\sample_consensus\eigen.h">
      <Filter>Header Files</Filter>
    </ClInclude>
    <ClInclude Include="F:\pcl_source_1.7.2\pcl-master\pcl-master\sample_consensus\include\pcl\sample_consensus\lmeds.h">
      <Filter>Header Files</Filter>
    </ClInclude>
    <ClInclude Include="F:\pcl_source_1.7.2\pcl-master\pcl-master\sample_consensus\include\pcl\sample_consensus\method_types.h">
      <Filter>Header Files</Filter>
    </ClInclude>
    <ClInclude Include="F:\pcl_source_1.7.2\pcl-master\pcl-master\sample_consensus\include\pcl\sample_consensus\mlesac.h">
      <Filter>Header Files</Filter>
    </ClInclude>
    <ClInclude Include="F:\pcl_source_1.7.2\pcl-master\pcl-master\sample_consensus\include\pcl\sample_consensus\model_types.h">
      <Filter>Header Files</Filter>
    </ClInclude>
    <ClInclude Include="F:\pcl_source_1.7.2\pcl-master\pcl-master\sample_consensus\include\pcl\sample_consensus\msac.h">
      <Filter>Header Files</Filter>
    </ClInclude>
    <ClInclude Include="F:\pcl_source_1.7.2\pcl-master\pcl-master\sample_consensus\include\pcl\sample_consensus\ransac.h">
      <Filter>Header Files</Filter>
    </ClInclude>
    <ClInclude Include="F:\pcl_source_1.7.2\pcl-master\pcl-master\sample_consensus\include\pcl\sample_consensus\rmsac.h">
      <Filter>Header Files</Filter>
    </ClInclude>
    <ClInclude Include="F:\pcl_source_1.7.2\pcl-master\pcl-master\sample_consensus\include\pcl\sample_consensus\rransac.h">
      <Filter>Header Files</Filter>
    </ClInclude>
    <ClInclude Include="F:\pcl_source_1.7.2\pcl-master\pcl-master\sample_consensus\include\pcl\sample_consensus\prosac.h">
      <Filter>Header Files</Filter>
    </ClInclude>
    <ClInclude Include="F:\pcl_source_1.7.2\pcl-master\pcl-master\sample_consensus\include\pcl\sample_consensus\sac.h">
      <Filter>Header Files</Filter>
    </ClInclude>
    <ClInclude Include="F:\pcl_source_1.7.2\pcl-master\pcl-master\sample_consensus\include\pcl\sample_consensus\sac_model.h">
      <Filter>Header Files</Filter>
    </ClInclude>
    <ClInclude Include="F:\pcl_source_1.7.2\pcl-master\pcl-master\sample_consensus\include\pcl\sample_consensus\sac_model_circle.h">
      <Filter>Header Files</Filter>
    </ClInclude>
    <ClInclude Include="F:\pcl_source_1.7.2\pcl-master\pcl-master\sample_consensus\include\pcl\sample_consensus\sac_model_circle3d.h">
      <Filter>Header Files</Filter>
    </ClInclude>
    <ClInclude Include="F:\pcl_source_1.7.2\pcl-master\pcl-master\sample_consensus\include\pcl\sample_consensus\sac_model_cylinder.h">
      <Filter>Header Files</Filter>
    </ClInclude>
    <ClInclude Include="F:\pcl_source_1.7.2\pcl-master\pcl-master\sample_consensus\include\pcl\sample_consensus\sac_model_cone.h">
      <Filter>Header Files</Filter>
    </ClInclude>
    <ClInclude Include="F:\pcl_source_1.7.2\pcl-master\pcl-master\sample_consensus\include\pcl\sample_consensus\sac_model_line.h">
      <Filter>Header Files</Filter>
    </ClInclude>
    <ClInclude Include="F:\pcl_source_1.7.2\pcl-master\pcl-master\sample_consensus\include\pcl\sample_consensus\sac_model_stick.h">
      <Filter>Header Files</Filter>
    </ClInclude>
    <ClInclude Include="F:\pcl_source_1.7.2\pcl-master\pcl-master\sample_consensus\include\pcl\sample_consensus\sac_model_normal_parallel_plane.h">
      <Filter>Header Files</Filter>
    </ClInclude>
    <ClInclude Include="F:\pcl_source_1.7.2\pcl-master\pcl-master\sample_consensus\include\pcl\sample_consensus\sac_model_normal_plane.h">
      <Filter>Header Files</Filter>
    </ClInclude>
    <ClInclude Include="F:\pcl_source_1.7.2\pcl-master\pcl-master\sample_consensus\include\pcl\sample_consensus\sac_model_normal_sphere.h">
      <Filter>Header Files</Filter>
    </ClInclude>
    <ClInclude Include="F:\pcl_source_1.7.2\pcl-master\pcl-master\sample_consensus\include\pcl\sample_consensus\sac_model_parallel_line.h">
      <Filter>Header Files</Filter>
    </ClInclude>
    <ClInclude Include="F:\pcl_source_1.7.2\pcl-master\pcl-master\sample_consensus\include\pcl\sample_consensus\sac_model_parallel_plane.h">
      <Filter>Header Files</Filter>
    </ClInclude>
    <ClInclude Include="F:\pcl_source_1.7.2\pcl-master\pcl-master\sample_consensus\include\pcl\sample_consensus\sac_model_perpendicular_plane.h">
      <Filter>Header Files</Filter>
    </ClInclude>
    <ClInclude Include="F:\pcl_source_1.7.2\pcl-master\pcl-master\sample_consensus\include\pcl\sample_consensus\sac_model_plane.h">
      <Filter>Header Files</Filter>
    </ClInclude>
    <ClInclude Include="F:\pcl_source_1.7.2\pcl-master\pcl-master\sample_consensus\include\pcl\sample_consensus\sac_model_registration.h">
      <Filter>Header Files</Filter>
    </ClInclude>
    <ClInclude Include="F:\pcl_source_1.7.2\pcl-master\pcl-master\sample_consensus\include\pcl\sample_consensus\sac_model_registration_2d.h">
      <Filter>Header Files</Filter>
    </ClInclude>
    <ClInclude Include="F:\pcl_source_1.7.2\pcl-master\pcl-master\sample_consensus\include\pcl\sample_consensus\sac_model_sphere.h">
      <Filter>Header Files</Filter>
    </ClInclude>
    <ClInclude Include="F:\pcl_source_1.7.2\pcl-master\pcl-master\sample_consensus\include\pcl\sample_consensus\impl\lmeds.hpp">
      <Filter>Header Files</Filter>
    </ClInclude>
    <ClInclude Include="F:\pcl_source_1.7.2\pcl-master\pcl-master\sample_consensus\include\pcl\sample_consensus\impl\mlesac.hpp">
      <Filter>Header Files</Filter>
    </ClInclude>
    <ClInclude Include="F:\pcl_source_1.7.2\pcl-master\pcl-master\sample_consensus\include\pcl\sample_consensus\impl\msac.hpp">
      <Filter>Header Files</Filter>
    </ClInclude>
    <ClInclude Include="F:\pcl_source_1.7.2\pcl-master\pcl-master\sample_consensus\include\pcl\sample_consensus\impl\ransac.hpp">
      <Filter>Header Files</Filter>
    </ClInclude>
    <ClInclude Include="F:\pcl_source_1.7.2\pcl-master\pcl-master\sample_consensus\include\pcl\sample_consensus\impl\rmsac.hpp">
      <Filter>Header Files</Filter>
    </ClInclude>
    <ClInclude Include="F:\pcl_source_1.7.2\pcl-master\pcl-master\sample_consensus\include\pcl\sample_consensus\impl\rransac.hpp">
      <Filter>Header Files</Filter>
    </ClInclude>
    <ClInclude Include="F:\pcl_source_1.7.2\pcl-master\pcl-master\sample_consensus\include\pcl\sample_consensus\impl\prosac.hpp">
      <Filter>Header Files</Filter>
    </ClInclude>
    <ClInclude Include="F:\pcl_source_1.7.2\pcl-master\pcl-master\sample_consensus\include\pcl\sample_consensus\impl\sac_model_circle.hpp">
      <Filter>Header Files</Filter>
    </ClInclude>
    <ClInclude Include="F:\pcl_source_1.7.2\pcl-master\pcl-master\sample_consensus\include\pcl\sample_consensus\impl\sac_model_circle3d.hpp">
      <Filter>Header Files</Filter>
    </ClInclude>
    <ClInclude Include="F:\pcl_source_1.7.2\pcl-master\pcl-master\sample_consensus\include\pcl\sample_consensus\impl\sac_model_cylinder.hpp">
      <Filter>Header Files</Filter>
    </ClInclude>
    <ClInclude Include="F:\pcl_source_1.7.2\pcl-master\pcl-master\sample_consensus\include\pcl\sample_consensus\impl\sac_model_cone.hpp">
      <Filter>Header Files</Filter>
    </ClInclude>
    <ClInclude Include="F:\pcl_source_1.7.2\pcl-master\pcl-master\sample_consensus\include\pcl\sample_consensus\impl\sac_model_line.hpp">
      <Filter>Header Files</Filter>
    </ClInclude>
    <ClInclude Include="F:\pcl_source_1.7.2\pcl-master\pcl-master\sample_consensus\include\pcl\sample_consensus\impl\sac_model_stick.hpp">
      <Filter>Header Files</Filter>
    </ClInclude>
    <ClInclude Include="F:\pcl_source_1.7.2\pcl-master\pcl-master\sample_consensus\include\pcl\sample_consensus\impl\sac_model_normal_parallel_plane.hpp">
      <Filter>Header Files</Filter>
    </ClInclude>
    <ClInclude Include="F:\pcl_source_1.7.2\pcl-master\pcl-master\sample_consensus\include\pcl\sample_consensus\impl\sac_model_normal_plane.hpp">
      <Filter>Header Files</Filter>
    </ClInclude>
    <ClInclude Include="F:\pcl_source_1.7.2\pcl-master\pcl-master\sample_consensus\include\pcl\sample_consensus\impl\sac_model_normal_sphere.hpp">
      <Filter>Header Files</Filter>
    </ClInclude>
    <ClInclude Include="F:\pcl_source_1.7.2\pcl-master\pcl-master\sample_consensus\include\pcl\sample_consensus\impl\sac_model_parallel_line.hpp">
      <Filter>Header Files</Filter>
    </ClInclude>
    <ClInclude Include="F:\pcl_source_1.7.2\pcl-master\pcl-master\sample_consensus\include\pcl\sample_consensus\impl\sac_model_parallel_plane.hpp">
      <Filter>Header Files</Filter>
    </ClInclude>
    <ClInclude Include="F:\pcl_source_1.7.2\pcl-master\pcl-master\sample_consensus\include\pcl\sample_consensus\impl\sac_model_perpendicular_plane.hpp">
      <Filter>Header Files</Filter>
    </ClInclude>
    <ClInclude Include="F:\pcl_source_1.7.2\pcl-master\pcl-master\sample_consensus\include\pcl\sample_consensus\impl\sac_model_plane.hpp">
      <Filter>Header Files</Filter>
    </ClInclude>
    <ClInclude Include="F:\pcl_source_1.7.2\pcl-master\pcl-master\sample_consensus\include\pcl\sample_consensus\impl\sac_model_registration.hpp">
      <Filter>Header Files</Filter>
    </ClInclude>
    <ClInclude Include="F:\pcl_source_1.7.2\pcl-master\pcl-master\sample_consensus\include\pcl\sample_consensus\impl\sac_model_registration_2d.hpp">
      <Filter>Header Files</Filter>
    </ClInclude>
    <ClInclude Include="F:\pcl_source_1.7.2\pcl-master\pcl-master\sample_consensus\include\pcl\sample_consensus\impl\sac_model_sphere.hpp">
      <Filter>Header Files</Filter>
    </ClInclude>
  </ItemGroup>
  <ItemGroup>
    <CustomBuild Include="F:\pcl_source_1.7.2\pcl-master\pcl-master\sample_consensus\CMakeLists.txt" />
  </ItemGroup>
  <ItemGroup>
    <Filter Include="Source Files">
      <UniqueIdentifier>{279E8F77-EF4A-4F58-A5D7-6CC47F49D856}</UniqueIdentifier>
    </Filter>
    <Filter Include="Header Files">
      <UniqueIdentifier>{013806A7-C7D6-4AAF-BAA9-A54CDAF5F35C}</UniqueIdentifier>
    </Filter>
  </ItemGroup>
</Project>
