<?xml version="1.0" encoding="UTF-8"?>
<Project ToolsVersion="12.0" xmlns="http://schemas.microsoft.com/developer/msbuild/2003">
  <ItemGroup>
    <ClCompile Include="F:\pcl_source_1.7.2\pcl-master\pcl-master\search\src\search.cpp">
      <Filter>Source Files</Filter>
    </ClCompile>
    <ClCompile Include="F:\pcl_source_1.7.2\pcl-master\pcl-master\search\src\kdtree.cpp">
      <Filter>Source Files</Filter>
    </ClCompile>
    <ClCompile Include="F:\pcl_source_1.7.2\pcl-master\pcl-master\search\src\brute_force.cpp">
      <Filter>Source Files</Filter>
    </ClCompile>
    <ClCompile Include="F:\pcl_source_1.7.2\pcl-master\pcl-master\search\src\organized.cpp">
      <Filter>Source Files</Filter>
    </ClCompile>
    <ClCompile Include="F:\pcl_source_1.7.2\pcl-master\pcl-master\search\src\octree.cpp">
      <Filter>Source Files</Filter>
    </ClCompile>
  </ItemGroup>
  <ItemGroup>
    <ClInclude Include="F:\pcl_source_1.7.2\pcl-master\pcl-master\search\include\pcl\search\search.h">
      <Filter>Header Files</Filter>
    </ClInclude>
    <ClInclude Include="F:\pcl_source_1.7.2\pcl-master\pcl-master\search\include\pcl\search\kdtree.h">
      <Filter>Header Files</Filter>
    </ClInclude>
    <ClInclude Include="F:\pcl_source_1.7.2\pcl-master\pcl-master\search\include\pcl\search\brute_force.h">
      <Filter>Header Files</Filter>
    </ClInclude>
    <ClInclude Include="F:\pcl_source_1.7.2\pcl-master\pcl-master\search\include\pcl\search\organized.h">
      <Filter>Header Files</Filter>
    </ClInclude>
    <ClInclude Include="F:\pcl_source_1.7.2\pcl-master\pcl-master\search\include\pcl\search\octree.h">
      <Filter>Header Files</Filter>
    </ClInclude>
    <ClInclude Include="F:\pcl_source_1.7.2\pcl-master\pcl-master\search\include\pcl\search\flann_search.h">
      <Filter>Header Files</Filter>
    </ClInclude>
    <ClInclude Include="F:\pcl_source_1.7.2\pcl-master\pcl-master\search\include\pcl\search\pcl_search.h">
      <Filter>Header Files</Filter>
    </ClInclude>
    <ClInclude Include="F:\pcl_source_1.7.2\pcl-master\pcl-master\search\include\pcl\search\impl\search.hpp">
      <Filter>Header Files</Filter>
    </ClInclude>
    <ClInclude Include="F:\pcl_source_1.7.2\pcl-master\pcl-master\search\include\pcl\search\impl\kdtree.hpp">
      <Filter>Header Files</Filter>
    </ClInclude>
    <ClInclude Include="F:\pcl_source_1.7.2\pcl-master\pcl-master\search\include\pcl\search\impl\flann_search.hpp">
      <Filter>Header Files</Filter>
    </ClInclude>
    <ClInclude Include="F:\pcl_source_1.7.2\pcl-master\pcl-master\search\include\pcl\search\impl\brute_force.hpp">
      <Filter>Header Files</Filter>
    </ClInclude>
    <ClInclude Include="F:\pcl_source_1.7.2\pcl-master\pcl-master\search\include\pcl\search\impl\organized.hpp">
      <Filter>Header Files</Filter>
    </ClInclude>
  </ItemGroup>
  <ItemGroup>
    <CustomBuild Include="F:\pcl_source_1.7.2\pcl-master\pcl-master\search\CMakeLists.txt" />
  </ItemGroup>
  <ItemGroup>
    <Filter Include="Source Files">
      <UniqueIdentifier>{279E8F77-EF4A-4F58-A5D7-6CC47F49D856}</UniqueIdentifier>
    </Filter>
    <Filter Include="Header Files">
      <UniqueIdentifier>{013806A7-C7D6-4AAF-BAA9-A54CDAF5F35C}</UniqueIdentifier>
    </Filter>
  </ItemGroup>
</Project>
